// !$*UTF8*$!
{
	archiveVersion = 1;
	classes = {
	};
	objectVersion = 50;
	objects = {

/* Begin PBXBuildFile section */
		2EE61F9B25C8AEE400B9AA16 /* FizzBuzzApp.swift in Sources */ = {isa = PBXBuildFile; fileRef = 2EE61F9A25C8AEE400B9AA16 /* FizzBuzzApp.swift */; };
		2EE61F9D25C8AEE400B9AA16 /* ContentView.swift in Sources */ = {isa = PBXBuildFile; fileRef = 2EE61F9C25C8AEE400B9AA16 /* ContentView.swift */; };
		2EE61F9F25C8AEE500B9AA16 /* Assets.xcassets in Resources */ = {isa = PBXBuildFile; fileRef = 2EE61F9E25C8AEE500B9AA16 /* Assets.xcassets */; };
		2EE61FA225C8AEE500B9AA16 /* Preview Assets.xcassets in Resources */ = {isa = PBXBuildFile; fileRef = 2EE61FA125C8AEE500B9AA16 /* Preview Assets.xcassets */; };
		2EE61FB925C8AEE500B9AA16 /* FizzBuzzUITests.swift in Sources */ = {isa = PBXBuildFile; fileRef = 2EE61FB825C8AEE500B9AA16 /* FizzBuzzUITests.swift */; };
		2EE61FCD25C8AF8300B9AA16 /* BrainTests.swift in Sources */ = {isa = PBXBuildFile; fileRef = 2EE61FCC25C8AF8300B9AA16 /* BrainTests.swift */; };
		2EE61FD225C8B71C00B9AA16 /* Brain.swift in Sources */ = {isa = PBXBuildFile; fileRef = 2EE61FD125C8B71C00B9AA16 /* Brain.swift */; };
/* End PBXBuildFile section */

/* Begin PBXContainerItemProxy section */
		2EE61FAA25C8AEE500B9AA16 /* PBXContainerItemProxy */ = {
			isa = PBXContainerItemProxy;
			containerPortal = 2EE61F8F25C8AEE400B9AA16 /* Project object */;
			proxyType = 1;
			remoteGlobalIDString = 2EE61F9625C8AEE400B9AA16;
			remoteInfo = FizzBuzz;
		};
		2EE61FB525C8AEE500B9AA16 /* PBXContainerItemProxy */ = {
			isa = PBXContainerItemProxy;
			containerPortal = 2EE61F8F25C8AEE400B9AA16 /* Project object */;
			proxyType = 1;
			remoteGlobalIDString = 2EE61F9625C8AEE400B9AA16;
			remoteInfo = FizzBuzz;
		};
/* End PBXContainerItemProxy section */

/* Begin PBXFileReference section */
		2EE61F9725C8AEE400B9AA16 /* FizzBuzz.app */ = {isa = PBXFileReference; explicitFileType = wrapper.application; includeInIndex = 0; path = FizzBuzz.app; sourceTree = BUILT_PRODUCTS_DIR; };
		2EE61F9A25C8AEE400B9AA16 /* FizzBuzzApp.swift */ = {isa = PBXFileReference; lastKnownFileType = sourcecode.swift; path = FizzBuzzApp.swift; sourceTree = "<group>"; };
		2EE61F9C25C8AEE400B9AA16 /* ContentView.swift */ = {isa = PBXFileReference; lastKnownFileType = sourcecode.swift; path = ContentView.swift; sourceTree = "<group>"; };
		2EE61F9E25C8AEE500B9AA16 /* Assets.xcassets */ = {isa = PBXFileReference; lastKnownFileType = folder.assetcatalog; path = Assets.xcassets; sourceTree = "<group>"; };
		2EE61FA125C8AEE500B9AA16 /* Preview Assets.xcassets */ = {isa = PBXFileReference; lastKnownFileType = folder.assetcatalog; path = "Preview Assets.xcassets"; sourceTree = "<group>"; };
		2EE61FA325C8AEE500B9AA16 /* Info.plist */ = {isa = PBXFileReference; lastKnownFileType = text.plist.xml; path = Info.plist; sourceTree = "<group>"; };
		2EE61FA425C8AEE500B9AA16 /* FizzBuzz.entitlements */ = {isa = PBXFileReference; lastKnownFileType = text.plist.entitlements; path = FizzBuzz.entitlements; sourceTree = "<group>"; };
		2EE61FA925C8AEE500B9AA16 /* FizzBuzzTests.xctest */ = {isa = PBXFileReference; explicitFileType = wrapper.cfbundle; includeInIndex = 0; path = FizzBuzzTests.xctest; sourceTree = BUILT_PRODUCTS_DIR; };
		2EE61FAF25C8AEE500B9AA16 /* Info.plist */ = {isa = PBXFileReference; lastKnownFileType = text.plist.xml; path = Info.plist; sourceTree = "<group>"; };
		2EE61FB425C8AEE500B9AA16 /* FizzBuzzUITests.xctest */ = {isa = PBXFileReference; explicitFileType = wrapper.cfbundle; includeInIndex = 0; path = FizzBuzzUITests.xctest; sourceTree = BUILT_PRODUCTS_DIR; };
		2EE61FB825C8AEE500B9AA16 /* FizzBuzzUITests.swift */ = {isa = PBXFileReference; lastKnownFileType = sourcecode.swift; path = FizzBuzzUITests.swift; sourceTree = "<group>"; };
		2EE61FBA25C8AEE500B9AA16 /* Info.plist */ = {isa = PBXFileReference; lastKnownFileType = text.plist.xml; path = Info.plist; sourceTree = "<group>"; };
		2EE61FCC25C8AF8300B9AA16 /* BrainTests.swift */ = {isa = PBXFileReference; lastKnownFileType = sourcecode.swift; path = BrainTests.swift; sourceTree = "<group>"; };
		2EE61FD125C8B71C00B9AA16 /* Brain.swift */ = {isa = PBXFileReference; lastKnownFileType = sourcecode.swift; path = Brain.swift; sourceTree = "<group>"; };
/* End PBXFileReference section */

/* Begin PBXFrameworksBuildPhase section */
		2EE61F9425C8AEE400B9AA16 /* Frameworks */ = {
			isa = PBXFrameworksBuildPhase;
			buildActionMask = 2147483647;
			files = (
			);
			runOnlyForDeploymentPostprocessing = 0;
		};
		2EE61FA625C8AEE500B9AA16 /* Frameworks */ = {
			isa = PBXFrameworksBuildPhase;
			buildActionMask = 2147483647;
			files = (
			);
			runOnlyForDeploymentPostprocessing = 0;
		};
		2EE61FB125C8AEE500B9AA16 /* Frameworks */ = {
			isa = PBXFrameworksBuildPhase;
			buildActionMask = 2147483647;
			files = (
			);
			runOnlyForDeploymentPostprocessing = 0;
		};
/* End PBXFrameworksBuildPhase section */

/* Begin PBXGroup section */
		2EE61F8E25C8AEE400B9AA16 = {
			isa = PBXGroup;
			children = (
				2EE61F9925C8AEE400B9AA16 /* FizzBuzz */,
				2EE61FAC25C8AEE500B9AA16 /* FizzBuzzTests */,
				2EE61FB725C8AEE500B9AA16 /* FizzBuzzUITests */,
				2EE61F9825C8AEE400B9AA16 /* Products */,
			);
			sourceTree = "<group>";
		};
		2EE61F9825C8AEE400B9AA16 /* Products */ = {
			isa = PBXGroup;
			children = (
				2EE61F9725C8AEE400B9AA16 /* FizzBuzz.app */,
				2EE61FA925C8AEE500B9AA16 /* FizzBuzzTests.xctest */,
				2EE61FB425C8AEE500B9AA16 /* FizzBuzzUITests.xctest */,
			);
			name = Products;
			sourceTree = "<group>";
		};
		2EE61F9925C8AEE400B9AA16 /* FizzBuzz */ = {
			isa = PBXGroup;
			children = (
				2EE61F9A25C8AEE400B9AA16 /* FizzBuzzApp.swift */,
				2EE61F9C25C8AEE400B9AA16 /* ContentView.swift */,
				2EE61F9E25C8AEE500B9AA16 /* Assets.xcassets */,
				2EE61FA325C8AEE500B9AA16 /* Info.plist */,
				2EE61FA425C8AEE500B9AA16 /* FizzBuzz.entitlements */,
				2EE61FA025C8AEE500B9AA16 /* Preview Content */,
				2EE61FD125C8B71C00B9AA16 /* Brain.swift */,
			);
			path = FizzBuzz;
			sourceTree = "<group>";
		};
		2EE61FA025C8AEE500B9AA16 /* Preview Content */ = {
			isa = PBXGroup;
			children = (
				2EE61FA125C8AEE500B9AA16 /* Preview Assets.xcassets */,
			);
			path = "Preview Content";
			sourceTree = "<group>";
		};
		2EE61FAC25C8AEE500B9AA16 /* FizzBuzzTests */ = {
			isa = PBXGroup;
			children = (
				2EE61FAF25C8AEE500B9AA16 /* Info.plist */,
				2EE61FCC25C8AF8300B9AA16 /* BrainTests.swift */,
			);
			path = FizzBuzzTests;
			sourceTree = "<group>";
		};
		2EE61FB725C8AEE500B9AA16 /* FizzBuzzUITests */ = {
			isa = PBXGroup;
			children = (
				2EE61FB825C8AEE500B9AA16 /* FizzBuzzUITests.swift */,
				2EE61FBA25C8AEE500B9AA16 /* Info.plist */,
			);
			path = FizzBuzzUITests;
			sourceTree = "<group>";
		};
/* End PBXGroup section */

/* Begin PBXNativeTarget section */
		2EE61F9625C8AEE400B9AA16 /* FizzBuzz */ = {
			isa = PBXNativeTarget;
			buildConfigurationList = 2EE61FBD25C8AEE500B9AA16 /* Build configuration list for PBXNativeTarget "FizzBuzz" */;
			buildPhases = (
				2EE61F9325C8AEE400B9AA16 /* Sources */,
				2EE61F9425C8AEE400B9AA16 /* Frameworks */,
				2EE61F9525C8AEE400B9AA16 /* Resources */,
			);
			buildRules = (
			);
			dependencies = (
			);
			name = FizzBuzz;
			productName = FizzBuzz;
			productReference = 2EE61F9725C8AEE400B9AA16 /* FizzBuzz.app */;
			productType = "com.apple.product-type.application";
		};
		2EE61FA825C8AEE500B9AA16 /* FizzBuzzTests */ = {
			isa = PBXNativeTarget;
			buildConfigurationList = 2EE61FC025C8AEE500B9AA16 /* Build configuration list for PBXNativeTarget "FizzBuzzTests" */;
			buildPhases = (
				2EE61FA525C8AEE500B9AA16 /* Sources */,
				2EE61FA625C8AEE500B9AA16 /* Frameworks */,
				2EE61FA725C8AEE500B9AA16 /* Resources */,
			);
			buildRules = (
			);
			dependencies = (
				2EE61FAB25C8AEE500B9AA16 /* PBXTargetDependency */,
			);
			name = FizzBuzzTests;
			productName = FizzBuzzTests;
			productReference = 2EE61FA925C8AEE500B9AA16 /* FizzBuzzTests.xctest */;
			productType = "com.apple.product-type.bundle.unit-test";
		};
		2EE61FB325C8AEE500B9AA16 /* FizzBuzzUITests */ = {
			isa = PBXNativeTarget;
			buildConfigurationList = 2EE61FC325C8AEE500B9AA16 /* Build configuration list for PBXNativeTarget "FizzBuzzUITests" */;
			buildPhases = (
				2EE61FB025C8AEE500B9AA16 /* Sources */,
				2EE61FB125C8AEE500B9AA16 /* Frameworks */,
				2EE61FB225C8AEE500B9AA16 /* Resources */,
			);
			buildRules = (
			);
			dependencies = (
				2EE61FB625C8AEE500B9AA16 /* PBXTargetDependency */,
			);
			name = FizzBuzzUITests;
			productName = FizzBuzzUITests;
			productReference = 2EE61FB425C8AEE500B9AA16 /* FizzBuzzUITests.xctest */;
			productType = "com.apple.product-type.bundle.ui-testing";
		};
/* End PBXNativeTarget section */

/* Begin PBXProject section */
		2EE61F8F25C8AEE400B9AA16 /* Project object */ = {
			isa = PBXProject;
			attributes = {
				LastSwiftUpdateCheck = 1240;
				LastUpgradeCheck = 1240;
				TargetAttributes = {
					2EE61F9625C8AEE400B9AA16 = {
						CreatedOnToolsVersion = 12.4;
					};
					2EE61FA825C8AEE500B9AA16 = {
						CreatedOnToolsVersion = 12.4;
						LastSwiftMigration = 1240;
						TestTargetID = 2EE61F9625C8AEE400B9AA16;
					};
					2EE61FB325C8AEE500B9AA16 = {
						CreatedOnToolsVersion = 12.4;
						TestTargetID = 2EE61F9625C8AEE400B9AA16;
					};
				};
			};
			buildConfigurationList = 2EE61F9225C8AEE400B9AA16 /* Build configuration list for PBXProject "FizzBuzz" */;
			compatibilityVersion = "Xcode 9.3";
			developmentRegion = en;
			hasScannedForEncodings = 0;
			knownRegions = (
				en,
				Base,
			);
			mainGroup = 2EE61F8E25C8AEE400B9AA16;
			productRefGroup = 2EE61F9825C8AEE400B9AA16 /* Products */;
			projectDirPath = "";
			projectRoot = "";
			targets = (
				2EE61F9625C8AEE400B9AA16 /* FizzBuzz */,
				2EE61FA825C8AEE500B9AA16 /* FizzBuzzTests */,
				2EE61FB325C8AEE500B9AA16 /* FizzBuzzUITests */,
			);
		};
/* End PBXProject section */

/* Begin PBXResourcesBuildPhase section */
		2EE61F9525C8AEE400B9AA16 /* Resources */ = {
			isa = PBXResourcesBuildPhase;
			buildActionMask = 2147483647;
			files = (
				2EE61FA225C8AEE500B9AA16 /* Preview Assets.xcassets in Resources */,
				2EE61F9F25C8AEE500B9AA16 /* Assets.xcassets in Resources */,
			);
			runOnlyForDeploymentPostprocessing = 0;
		};
		2EE61FA725C8AEE500B9AA16 /* Resources */ = {
			isa = PBXResourcesBuildPhase;
			buildActionMask = 2147483647;
			files = (
			);
			runOnlyForDeploymentPostprocessing = 0;
		};
		2EE61FB225C8AEE500B9AA16 /* Resources */ = {
			isa = PBXResourcesBuildPhase;
			buildActionMask = 2147483647;
			files = (
			);
			runOnlyForDeploymentPostprocessing = 0;
		};
/* End PBXResourcesBuildPhase section */

/* Begin PBXSourcesBuildPhase section */
		2EE61F9325C8AEE400B9AA16 /* Sources */ = {
			isa = PBXSourcesBuildPhase;
			buildActionMask = 2147483647;
			files = (
				2EE61F9D25C8AEE400B9AA16 /* ContentView.swift in Sources */,
				2EE61FD225C8B71C00B9AA16 /* Brain.swift in Sources */,
				2EE61F9B25C8AEE400B9AA16 /* FizzBuzzApp.swift in Sources */,
			);
			runOnlyForDeploymentPostprocessing = 0;
		};
		2EE61FA525C8AEE500B9AA16 /* Sources */ = {
			isa = PBXSourcesBuildPhase;
			buildActionMask = 2147483647;
			files = (
				2EE61FCD25C8AF8300B9AA16 /* BrainTests.swift in Sources */,
			);
			runOnlyForDeploymentPostprocessing = 0;
		};
		2EE61FB025C8AEE500B9AA16 /* Sources */ = {
			isa = PBXSourcesBuildPhase;
			buildActionMask = 2147483647;
			files = (
				2EE61FB925C8AEE500B9AA16 /* FizzBuzzUITests.swift in Sources */,
			);
			runOnlyForDeploymentPostprocessing = 0;
		};
/* End PBXSourcesBuildPhase section */

/* Begin PBXTargetDependency section */
		2EE61FAB25C8AEE500B9AA16 /* PBXTargetDependency */ = {
			isa = PBXTargetDependency;
			target = 2EE61F9625C8AEE400B9AA16 /* FizzBuzz */;
			targetProxy = 2EE61FAA25C8AEE500B9AA16 /* PBXContainerItemProxy */;
		};
		2EE61FB625C8AEE500B9AA16 /* PBXTargetDependency */ = {
			isa = PBXTargetDependency;
			target = 2EE61F9625C8AEE400B9AA16 /* FizzBuzz */;
			targetProxy = 2EE61FB525C8AEE500B9AA16 /* PBXContainerItemProxy */;
		};
/* End PBXTargetDependency section */

/* Begin XCBuildConfiguration section */
		2EE61FBB25C8AEE500B9AA16 /* Debug */ = {
			isa = XCBuildConfiguration;
			buildSettings = {
				ALWAYS_SEARCH_USER_PATHS = NO;
				CLANG_ANALYZER_NONNULL = YES;
				CLANG_ANALYZER_NUMBER_OBJECT_CONVERSION = YES_AGGRESSIVE;
				CLANG_CXX_LANGUAGE_STANDARD = "gnu++14";
				CLANG_CXX_LIBRARY = "libc++";
				CLANG_ENABLE_MODULES = YES;
				CLANG_ENABLE_OBJC_ARC = YES;
				CLANG_ENABLE_OBJC_WEAK = YES;
				CLANG_WARN_BLOCK_CAPTURE_AUTORELEASING = YES;
				CLANG_WARN_BOOL_CONVERSION = YES;
				CLANG_WARN_COMMA = YES;
				CLANG_WARN_CONSTANT_CONVERSION = YES;
				CLANG_WARN_DEPRECATED_OBJC_IMPLEMENTATIONS = YES;
				CLANG_WARN_DIRECT_OBJC_ISA_USAGE = YES_ERROR;
				CLANG_WARN_DOCUMENTATION_COMMENTS = YES;
				CLANG_WARN_EMPTY_BODY = YES;
				CLANG_WARN_ENUM_CONVERSION = YES;
				CLANG_WARN_INFINITE_RECURSION = YES;
				CLANG_WARN_INT_CONVERSION = YES;
				CLANG_WARN_NON_LITERAL_NULL_CONVERSION = YES;
				CLANG_WARN_OBJC_IMPLICIT_RETAIN_SELF = YES;
				CLANG_WARN_OBJC_LITERAL_CONVERSION = YES;
				CLANG_WARN_OBJC_ROOT_CLASS = YES_ERROR;
				CLANG_WARN_QUOTED_INCLUDE_IN_FRAMEWORK_HEADER = YES;
				CLANG_WARN_RANGE_LOOP_ANALYSIS = YES;
				CLANG_WARN_STRICT_PROTOTYPES = YES;
				CLANG_WARN_SUSPICIOUS_MOVE = YES;
				CLANG_WARN_UNGUARDED_AVAILABILITY = YES_AGGRESSIVE;
				CLANG_WARN_UNREACHABLE_CODE = YES;
				CLANG_WARN__DUPLICATE_METHOD_MATCH = YES;
				COPY_PHASE_STRIP = NO;
				DEBUG_INFORMATION_FORMAT = dwarf;
				ENABLE_STRICT_OBJC_MSGSEND = YES;
				ENABLE_TESTABILITY = YES;
				GCC_C_LANGUAGE_STANDARD = gnu11;
				GCC_DYNAMIC_NO_PIC = NO;
				GCC_NO_COMMON_BLOCKS = YES;
				GCC_OPTIMIZATION_LEVEL = 0;
				GCC_PREPROCESSOR_DEFINITIONS = (
					"DEBUG=1",
					"$(inherited)",
				);
				GCC_WARN_64_TO_32_BIT_CONVERSION = YES;
				GCC_WARN_ABOUT_RETURN_TYPE = YES_ERROR;
				GCC_WARN_UNDECLARED_SELECTOR = YES;
				GCC_WARN_UNINITIALIZED_AUTOS = YES_AGGRESSIVE;
				GCC_WARN_UNUSED_FUNCTION = YES;
				GCC_WARN_UNUSED_VARIABLE = YES;
				MACOSX_DEPLOYMENT_TARGET = 11.1;
				MTL_ENABLE_DEBUG_INFO = INCLUDE_SOURCE;
				MTL_FAST_MATH = YES;
				ONLY_ACTIVE_ARCH = YES;
				SDKROOT = macosx;
				SWIFT_ACTIVE_COMPILATION_CONDITIONS = DEBUG;
				SWIFT_OPTIMIZATION_LEVEL = "-Onone";
			};
			name = Debug;
		};
		2EE61FBC25C8AEE500B9AA16 /* Release */ = {
			isa = XCBuildConfiguration;
			buildSettings = {
				ALWAYS_SEARCH_USER_PATHS = NO;
				CLANG_ANALYZER_NONNULL = YES;
				CLANG_ANALYZER_NUMBER_OBJECT_CONVERSION = YES_AGGRESSIVE;
				CLANG_CXX_LANGUAGE_STANDARD = "gnu++14";
				CLANG_CXX_LIBRARY = "libc++";
				CLANG_ENABLE_MODULES = YES;
				CLANG_ENABLE_OBJC_ARC = YES;
				CLANG_ENABLE_OBJC_WEAK = YES;
				CLANG_WARN_BLOCK_CAPTURE_AUTORELEASING = YES;
				CLANG_WARN_BOOL_CONVERSION = YES;
				CLANG_WARN_COMMA = YES;
				CLANG_WARN_CONSTANT_CONVERSION = YES;
				CLANG_WARN_DEPRECATED_OBJC_IMPLEMENTATIONS = YES;
				CLANG_WARN_DIRECT_OBJC_ISA_USAGE = YES_ERROR;
				CLANG_WARN_DOCUMENTATION_COMMENTS = YES;
				CLANG_WARN_EMPTY_BODY = YES;
				CLANG_WARN_ENUM_CONVERSION = YES;
				CLANG_WARN_INFINITE_RECURSION = YES;
				CLANG_WARN_INT_CONVERSION = YES;
				CLANG_WARN_NON_LITERAL_NULL_CONVERSION = YES;
				CLANG_WARN_OBJC_IMPLICIT_RETAIN_SELF = YES;
				CLANG_WARN_OBJC_LITERAL_CONVERSION = YES;
				CLANG_WARN_OBJC_ROOT_CLASS = YES_ERROR;
				CLANG_WARN_QUOTED_INCLUDE_IN_FRAMEWORK_HEADER = YES;
				CLANG_WARN_RANGE_LOOP_ANALYSIS = YES;
				CLANG_WARN_STRICT_PROTOTYPES = YES;
				CLANG_WARN_SUSPICIOUS_MOVE = YES;
				CLANG_WARN_UNGUARDED_AVAILABILITY = YES_AGGRESSIVE;
				CLANG_WARN_UNREACHABLE_CODE = YES;
				CLANG_WARN__DUPLICATE_METHOD_MATCH = YES;
				COPY_PHASE_STRIP = NO;
				DEBUG_INFORMATION_FORMAT = "dwarf-with-dsym";
				ENABLE_NS_ASSERTIONS = NO;
				ENABLE_STRICT_OBJC_MSGSEND = YES;
				GCC_C_LANGUAGE_STANDARD = gnu11;
				GCC_NO_COMMON_BLOCKS = YES;
				GCC_WARN_64_TO_32_BIT_CONVERSION = YES;
				GCC_WARN_ABOUT_RETURN_TYPE = YES_ERROR;
				GCC_WARN_UNDECLARED_SELECTOR = YES;
				GCC_WARN_UNINITIALIZED_AUTOS = YES_AGGRESSIVE;
				GCC_WARN_UNUSED_FUNCTION = YES;
				GCC_WARN_UNUSED_VARIABLE = YES;
				MACOSX_DEPLOYMENT_TARGET = 11.1;
				MTL_ENABLE_DEBUG_INFO = NO;
				MTL_FAST_MATH = YES;
				SDKROOT = macosx;
				SWIFT_COMPILATION_MODE = wholemodule;
				SWIFT_OPTIMIZATION_LEVEL = "-O";
			};
			name = Release;
		};
		2EE61FBE25C8AEE500B9AA16 /* Debug */ = {
			isa = XCBuildConfiguration;
			buildSettings = {
				ASSETCATALOG_COMPILER_APPICON_NAME = AppIcon;
				ASSETCATALOG_COMPILER_GLOBAL_ACCENT_COLOR_NAME = AccentColor;
				CODE_SIGN_ENTITLEMENTS = FizzBuzz/FizzBuzz.entitlements;
				CODE_SIGN_STYLE = Automatic;
				COMBINE_HIDPI_IMAGES = YES;
				DEVELOPMENT_ASSET_PATHS = "\"FizzBuzz/Preview Content\"";
				ENABLE_PREVIEWS = YES;
				INFOPLIST_FILE = FizzBuzz/Info.plist;
				LD_RUNPATH_SEARCH_PATHS = (
					"$(inherited)",
					"@executable_path/../Frameworks",
				);
				MACOSX_DEPLOYMENT_TARGET = 11.0;
				PRODUCT_BUNDLE_IDENTIFIER = com.Kata.FizzBuzz;
				PRODUCT_NAME = "$(TARGET_NAME)";
				SWIFT_VERSION = 5.0;
			};
			name = Debug;
		};
		2EE61FBF25C8AEE500B9AA16 /* Release */ = {
			isa = XCBuildConfiguration;
			buildSettings = {
				ASSETCATALOG_COMPILER_APPICON_NAME = AppIcon;
				ASSETCATALOG_COMPILER_GLOBAL_ACCENT_COLOR_NAME = AccentColor;
				CODE_SIGN_ENTITLEMENTS = FizzBuzz/FizzBuzz.entitlements;
				CODE_SIGN_STYLE = Automatic;
				COMBINE_HIDPI_IMAGES = YES;
				DEVELOPMENT_ASSET_PATHS = "\"FizzBuzz/Preview Content\"";
				ENABLE_PREVIEWS = YES;
				INFOPLIST_FILE = FizzBuzz/Info.plist;
				LD_RUNPATH_SEARCH_PATHS = (
					"$(inherited)",
					"@executable_path/../Frameworks",
				);
				MACOSX_DEPLOYMENT_TARGET = 11.0;
				PRODUCT_BUNDLE_IDENTIFIER = com.Kata.FizzBuzz;
				PRODUCT_NAME = "$(TARGET_NAME)";
				SWIFT_VERSION = 5.0;
			};
			name = Release;
		};
		2EE61FC125C8AEE500B9AA16 /* Debug */ = {
			isa = XCBuildConfiguration;
			buildSettings = {
				ALWAYS_EMBED_SWIFT_STANDARD_LIBRARIES = YES;
				BUNDLE_LOADER = "$(TEST_HOST)";
				CLANG_ENABLE_MODULES = YES;
				CODE_SIGN_STYLE = Automatic;
				COMBINE_HIDPI_IMAGES = YES;
				INFOPLIST_FILE = FizzBuzzTests/Info.plist;
				LD_RUNPATH_SEARCH_PATHS = (
					"$(inherited)",
					"@executable_path/../Frameworks",
					"@loader_path/../Frameworks",
				);
				MACOSX_DEPLOYMENT_TARGET = 11.0;
				PRODUCT_BUNDLE_IDENTIFIER = com.Kata.FizzBuzzTests;
				PRODUCT_NAME = "$(TARGET_NAME)";
				SWIFT_OPTIMIZATION_LEVEL = "-Onone";
				SWIFT_VERSION = 5.0;
				TEST_HOST = "$(BUILT_PRODUCTS_DIR)/FizzBuzz.app/Contents/MacOS/FizzBuzz";
			};
			name = Debug;
		};
		2EE61FC225C8AEE500B9AA16 /* Release */ = {
			isa = XCBuildConfiguration;
			buildSettings = {
				ALWAYS_EMBED_SWIFT_STANDARD_LIBRARIES = YES;
				BUNDLE_LOADER = "$(TEST_HOST)";
				CLANG_ENABLE_MODULES = YES;
				CODE_SIGN_STYLE = Automatic;
				COMBINE_HIDPI_IMAGES = YES;
				INFOPLIST_FILE = FizzBuzzTests/Info.plist;
				LD_RUNPATH_SEARCH_PATHS = (
					"$(inherited)",
					"@executable_path/../Frameworks",
					"@loader_path/../Frameworks",
				);
				MACOSX_DEPLOYMENT_TARGET = 11.0;
				PRODUCT_BUNDLE_IDENTIFIER = com.Kata.FizzBuzzTests;
				PRODUCT_NAME = "$(TARGET_NAME)";
				SWIFT_VERSION = 5.0;
				TEST_HOST = "$(BUILT_PRODUCTS_DIR)/FizzBuzz.app/Contents/MacOS/FizzBuzz";
			};
			name = Release;
		};
		2EE61FC425C8AEE500B9AA16 /* Debug */ = {
			isa = XCBuildConfiguration;
			buildSettings = {
				ALWAYS_EMBED_SWIFT_STANDARD_LIBRARIES = YES;
				CODE_SIGN_STYLE = Automatic;
				COMBINE_HIDPI_IMAGES = YES;
				INFOPLIST_FILE = FizzBuzzUITests/Info.plist;
				LD_RUNPATH_SEARCH_PATHS = (
					"$(inherited)",
					"@executable_path/../Frameworks",
					"@loader_path/../Frameworks",
				);
				PRODUCT_BUNDLE_IDENTIFIER = com.Kata.FizzBuzzUITests;
				PRODUCT_NAME = "$(TARGET_NAME)";
				SWIFT_VERSION = 5.0;
				TEST_TARGET_NAME = FizzBuzz;
			};
			name = Debug;
		};
		2EE61FC525C8AEE500B9AA16 /* Release */ = {
			isa = XCBuildConfiguration;
			buildSettings = {
				ALWAYS_EMBED_SWIFT_STANDARD_LIBRARIES = YES;
				CODE_SIGN_STYLE = Automatic;
				COMBINE_HIDPI_IMAGES = YES;
				INFOPLIST_FILE = FizzBuzzUITests/Info.plist;
				LD_RUNPATH_SEARCH_PATHS = (
					"$(inherited)",
					"@executable_path/../Frameworks",
					"@loader_path/../Frameworks",
				);
				PRODUCT_BUNDLE_IDENTIFIER = com.Kata.FizzBuzzUITests;
				PRODUCT_NAME = "$(TARGET_NAME)";
				SWIFT_VERSION = 5.0;
				TEST_TARGET_NAME = FizzBuzz;
			};
			name = Release;
		};
/* End XCBuildConfiguration section */

/* Begin XCConfigurationList section */
		2EE61F9225C8AEE400B9AA16 /* Build configuration list for PBXProject "FizzBuzz" */ = {
			isa = XCConfigurationList;
			buildConfigurations = (
				2EE61FBB25C8AEE500B9AA16 /* Debug */,
				2EE61FBC25C8AEE500B9AA16 /* Release */,
			);
			defaultConfigurationIsVisible = 0;
			defaultConfigurationName = Release;
		};
		2EE61FBD25C8AEE500B9AA16 /* Build configuration list for PBXNativeTarget "FizzBuzz" */ = {
			isa = XCConfigurationList;
			buildConfigurations = (
				2EE61FBE25C8AEE500B9AA16 /* Debug */,
				2EE61FBF25C8AEE500B9AA16 /* Release */,
			);
			defaultConfigurationIsVisible = 0;
			defaultConfigurationName = Release;
		};
		2EE61FC025C8AEE500B9AA16 /* Build configuration list for PBXNativeTarget "FizzBuzzTests" */ = {
			isa = XCConfigurationList;
			buildConfigurations = (
				2EE61FC125C8AEE500B9AA16 /* Debug */,
				2EE61FC225C8AEE500B9AA16 /* Release */,
			);
			defaultConfigurationIsVisible = 0;
			defaultConfigurationName = Release;
		};
		2EE61FC325C8AEE500B9AA16 /* Build configuration list for PBXNativeTarget "FizzBuzzUITests" */ = {
			isa = XCConfigurationList;
			buildConfigurations = (
				2EE61FC425C8AEE500B9AA16 /* Debug */,
				2EE61FC525C8AEE500B9AA16 /* Release */,
			);
			defaultConfigurationIsVisible = 0;
			defaultConfigurationName = Release;
		};
/* End XCConfigurationList section */
	};
	rootObject = 2EE61F8F25C8AEE400B9AA16 /* Project object */;
}
